
Microsoft Visual Studio Solution File, Format Version 12.00
# Visual Studio Version 17
VisualStudioVersion = 17.10.35004.147
MinimumVisualStudioVersion = 10.0.40219.1
Project("{FAE04EC0-301F-11D3-BF4B-00C04F79EFBC}") = "Class And Object", "Class And Object\Class And Object.csproj", "{AEC89179-314E-418A-BC2D-3A407F5F1DD6}"
EndProject
Global
	GlobalSection(SolutionConfigurationPlatforms) = preSolution
		Debug|Any CPU = Debug|Any CPU
		Release|Any CPU = Release|Any CPU
	EndGlobalSection
	GlobalSection(ProjectConfigurationPlatforms) = postSolution
		{AEC89179-314E-418A-BC2D-3A407F5F1DD6}.Debug|Any CPU.ActiveCfg = Debug|Any CPU
		{AEC89179-314E-418A-BC2D-3A407F5F1DD6}.Debug|Any CPU.Build.0 = Debug|Any CPU
		{AEC89179-314E-418A-BC2D-3A407F5F1DD6}.Release|Any CPU.ActiveCfg = Release|Any CPU
		{AEC89179-314E-418A-BC2D-3A407F5F1DD6}.Release|Any CPU.Build.0 = Release|Any CPU
	EndGlobalSection
	GlobalSection(SolutionProperties) = preSolution
		HideSolutionNode = FALSE
	EndGlobalSection
	GlobalSection(ExtensibilityGlobals) = postSolution
		SolutionGuid = {4C63689A-B9B6-4C64-9E84-81DF3B77235E}
	EndGlobalSection
EndGlobal
